
Microsoft Visual Studio Solution File, Format Version 11.00
# Visual Studio 2010
Project("{FAE04EC0-301F-11D3-BF4B-00C04F79EFBC}") = "UnityEngine.TestRunner", "UnityEngine.TestRunner.csproj", "{d67020c1-0b8b-d9f7-5656-5e8ecedcd5ad}"
EndProject
Project("{FAE04EC0-301F-11D3-BF4B-00C04F79EFBC}") = "Unity.Mathematics", "Unity.Mathematics.csproj", "{870a55e5-81a8-d5ca-7df2-c83931f3b267}"
EndProject
Project("{FAE04EC0-301F-11D3-BF4B-00C04F79EFBC}") = "Unity.Timeline", "Unity.Timeline.csproj", "{a68b184b-e917-f342-d8ab-3025bd8b643b}"
EndProject
Project("{FAE04EC0-301F-11D3-BF4B-00C04F79EFBC}") = "UnityEngine.UI", "UnityEngine.UI.csproj", "{3d1f5c3d-2d76-77fc-a9ac-343b5b67dae8}"
EndProject
Project("{FAE04EC0-301F-11D3-BF4B-00C04F79EFBC}") = "Unity.TextMeshPro", "Unity.TextMeshPro.csproj", "{6c6aa600-d047-5f27-42df-132ebeafe7c8}"
EndProject
Project("{FAE04EC0-301F-11D3-BF4B-00C04F79EFBC}") = "Unity.2D.Animation.Runtime", "Unity.2D.Animation.Runtime.csproj", "{7aad9705-82f4-77a2-a08b-56a3529b476d}"
EndProject
Project("{FAE04EC0-301F-11D3-BF4B-00C04F79EFBC}") = "Unity.2D.IK.Runtime", "Unity.2D.IK.Runtime.csproj", "{b4b43f04-7c9b-2f05-cd5e-f3747861ffcc}"
EndProject
Project("{FAE04EC0-301F-11D3-BF4B-00C04F79EFBC}") = "Unity.2D.SpriteShape.Runtime", "Unity.2D.SpriteShape.Runtime.csproj", "{383e53ed-f5d1-0c2c-be37-5207ad3ff58e}"
EndProject
Project("{FAE04EC0-301F-11D3-BF4B-00C04F79EFBC}") = "Unity.2D.PixelPerfect", "Unity.2D.PixelPerfect.csproj", "{a182b61e-5380-4be2-565c-d6a7a2293647}"
EndProject
Project("{FAE04EC0-301F-11D3-BF4B-00C04F79EFBC}") = "Unity.2D.Common.Runtime", "Unity.2D.Common.Runtime.csproj", "{522c131b-e69f-a04b-48f6-325c89647ae1}"
EndProject
Project("{FAE04EC0-301F-11D3-BF4B-00C04F79EFBC}") = "Unity.InternalAPIEngineBridge.001", "Unity.InternalAPIEngineBridge.001.csproj", "{655f32cc-e48c-e7aa-e9a2-c6eb3c9ff1c7}"
EndProject
Project("{FAE04EC0-301F-11D3-BF4B-00C04F79EFBC}") = "Assembly-CSharp", "Assembly-CSharp.csproj", "{9c9101b0-a318-2cd4-2f2b-cccdb9c9bb1a}"
EndProject
Project("{FAE04EC0-301F-11D3-BF4B-00C04F79EFBC}") = "UnityEditor.TestRunner", "UnityEditor.TestRunner.csproj", "{a1c8fae1-1607-27f5-fbeb-c21b2d539325}"
EndProject
Project("{FAE04EC0-301F-11D3-BF4B-00C04F79EFBC}") = "Unity.PlasticSCM.Editor", "Unity.PlasticSCM.Editor.csproj", "{0a1d5738-82a1-df86-934a-9671335bfabb}"
EndProject
Project("{FAE04EC0-301F-11D3-BF4B-00C04F79EFBC}") = "Unity.2D.Animation.Triangle.Editor", "Unity.2D.Animation.Triangle.Editor.csproj", "{eb25ab37-6911-42a7-4b23-6b8b82d227f1}"
EndProject
Project("{FAE04EC0-301F-11D3-BF4B-00C04F79EFBC}") = "UnityEditor.UI", "UnityEditor.UI.csproj", "{a82ee07d-110a-02b9-28c3-f71e7a0d8027}"
EndProject
Project("{FAE04EC0-301F-11D3-BF4B-00C04F79EFBC}") = "Unity.Timeline.Editor", "Unity.Timeline.Editor.csproj", "{47d5a6b2-39cc-9720-0f40-f14d09731d0c}"
EndProject
Project("{FAE04EC0-301F-11D3-BF4B-00C04F79EFBC}") = "Unity.VisualStudio.Editor", "Unity.VisualStudio.Editor.csproj", "{087e30bd-11dd-a834-a10d-dd4d41e901f8}"
EndProject
Project("{FAE04EC0-301F-11D3-BF4B-00C04F79EFBC}") = "Unity.2D.Psdimporter.Editor", "Unity.2D.Psdimporter.Editor.csproj", "{059aa0af-7a71-a1db-638e-3ba4dd51d690}"
EndProject
Project("{FAE04EC0-301F-11D3-BF4B-00C04F79EFBC}") = "Unity.2D.Animation.Editor", "Unity.2D.Animation.Editor.csproj", "{5cf1b7dc-ca99-3d14-93d1-fef05909d7c3}"
EndProject
Project("{FAE04EC0-301F-11D3-BF4B-00C04F79EFBC}") = "Unity.TextMeshPro.Editor", "Unity.TextMeshPro.Editor.csproj", "{b535656d-b619-5d7a-9b75-e792a5833139}"
EndProject
Project("{FAE04EC0-301F-11D3-BF4B-00C04F79EFBC}") = "Unity.2D.SpriteShape.Editor", "Unity.2D.SpriteShape.Editor.csproj", "{172e4a9b-7583-ba52-6dc5-fdd96950cecf}"
EndProject
Project("{FAE04EC0-301F-11D3-BF4B-00C04F79EFBC}") = "PsdPlugin", "PsdPlugin.csproj", "{ba1b9623-cdec-1672-9ce5-8764d510268d}"
EndProject
Project("{FAE04EC0-301F-11D3-BF4B-00C04F79EFBC}") = "Unity.2D.Path.Editor", "Unity.2D.Path.Editor.csproj", "{ded55dc6-ae16-d7b4-8880-639e4d0c5bf6}"
EndProject
Project("{FAE04EC0-301F-11D3-BF4B-00C04F79EFBC}") = "Unity.Rider.Editor", "Unity.Rider.Editor.csproj", "{b15f5e33-bf6e-3e8f-3dab-17e19385718e}"
EndProject
Project("{FAE04EC0-301F-11D3-BF4B-00C04F79EFBC}") = "Unity.2D.IK.Editor", "Unity.2D.IK.Editor.csproj", "{cfa72792-7485-5e8f-0212-91e660cf375a}"
EndProject
Project("{FAE04EC0-301F-11D3-BF4B-00C04F79EFBC}") = "Unity.2D.Sprite.Editor", "Unity.2D.Sprite.Editor.csproj", "{ba5c6a4a-d3d8-87ec-8e05-205f50874b70}"
EndProject
Project("{FAE04EC0-301F-11D3-BF4B-00C04F79EFBC}") = "Unity.2D.Tilemap.Editor", "Unity.2D.Tilemap.Editor.csproj", "{94913a66-63cb-6103-c2bb-f7606dfce622}"
EndProject
Project("{FAE04EC0-301F-11D3-BF4B-00C04F79EFBC}") = "Unity.2D.PixelPerfect.Editor", "Unity.2D.PixelPerfect.Editor.csproj", "{63435cdb-25f2-f163-ac24-afe39744e132}"
EndProject
Project("{FAE04EC0-301F-11D3-BF4B-00C04F79EFBC}") = "Unity.VSCode.Editor", "Unity.VSCode.Editor.csproj", "{c87ee7d8-4359-debc-867f-1e0b6703df4c}"
EndProject
Project("{FAE04EC0-301F-11D3-BF4B-00C04F79EFBC}") = "Unity.2D.Common.Editor", "Unity.2D.Common.Editor.csproj", "{7270a658-54bb-85ea-915c-859ac7d0061c}"
EndProject
Project("{FAE04EC0-301F-11D3-BF4B-00C04F79EFBC}") = "Unity.Mathematics.Editor", "Unity.Mathematics.Editor.csproj", "{874d7124-d1c4-c8c7-dfb5-d299784d7fc0}"
EndProject
Project("{FAE04EC0-301F-11D3-BF4B-00C04F79EFBC}") = "Unity.CollabProxy.Editor", "Unity.CollabProxy.Editor.csproj", "{38433bd2-5116-af6f-ffc3-d733c44a8df5}"
EndProject
Project("{FAE04EC0-301F-11D3-BF4B-00C04F79EFBC}") = "Unity.InternalAPIEditorBridge.001", "Unity.InternalAPIEditorBridge.001.csproj", "{a2fd3e4a-5cbe-6ab7-4dd0-41109546bd46}"
EndProject
Global
	GlobalSection(SolutionConfigurationPlatforms) = preSolution
		Debug|Any CPU = Debug|Any CPU
	EndGlobalSection
	GlobalSection(ProjectConfigurationPlatforms) = postSolution
		{d67020c1-0b8b-d9f7-5656-5e8ecedcd5ad}.Debug|Any CPU.ActiveCfg = Debug|Any CPU
		{d67020c1-0b8b-d9f7-5656-5e8ecedcd5ad}.Debug|Any CPU.Build.0 = Debug|Any CPU
		{870a55e5-81a8-d5ca-7df2-c83931f3b267}.Debug|Any CPU.ActiveCfg = Debug|Any CPU
		{870a55e5-81a8-d5ca-7df2-c83931f3b267}.Debug|Any CPU.Build.0 = Debug|Any CPU
		{a68b184b-e917-f342-d8ab-3025bd8b643b}.Debug|Any CPU.ActiveCfg = Debug|Any CPU
		{a68b184b-e917-f342-d8ab-3025bd8b643b}.Debug|Any CPU.Build.0 = Debug|Any CPU
		{3d1f5c3d-2d76-77fc-a9ac-343b5b67dae8}.Debug|Any CPU.ActiveCfg = Debug|Any CPU
		{3d1f5c3d-2d76-77fc-a9ac-343b5b67dae8}.Debug|Any CPU.Build.0 = Debug|Any CPU
		{6c6aa600-d047-5f27-42df-132ebeafe7c8}.Debug|Any CPU.ActiveCfg = Debug|Any CPU
		{6c6aa600-d047-5f27-42df-132ebeafe7c8}.Debug|Any CPU.Build.0 = Debug|Any CPU
		{7aad9705-82f4-77a2-a08b-56a3529b476d}.Debug|Any CPU.ActiveCfg = Debug|Any CPU
		{7aad9705-82f4-77a2-a08b-56a3529b476d}.Debug|Any CPU.Build.0 = Debug|Any CPU
		{b4b43f04-7c9b-2f05-cd5e-f3747861ffcc}.Debug|Any CPU.ActiveCfg = Debug|Any CPU
		{b4b43f04-7c9b-2f05-cd5e-f3747861ffcc}.Debug|Any CPU.Build.0 = Debug|Any CPU
		{383e53ed-f5d1-0c2c-be37-5207ad3ff58e}.Debug|Any CPU.ActiveCfg = Debug|Any CPU
		{383e53ed-f5d1-0c2c-be37-5207ad3ff58e}.Debug|Any CPU.Build.0 = Debug|Any CPU
		{a182b61e-5380-4be2-565c-d6a7a2293647}.Debug|Any CPU.ActiveCfg = Debug|Any CPU
		{a182b61e-5380-4be2-565c-d6a7a2293647}.Debug|Any CPU.Build.0 = Debug|Any CPU
		{522c131b-e69f-a04b-48f6-325c89647ae1}.Debug|Any CPU.ActiveCfg = Debug|Any CPU
		{522c131b-e69f-a04b-48f6-325c89647ae1}.Debug|Any CPU.Build.0 = Debug|Any CPU
		{655f32cc-e48c-e7aa-e9a2-c6eb3c9ff1c7}.Debug|Any CPU.ActiveCfg = Debug|Any CPU
		{655f32cc-e48c-e7aa-e9a2-c6eb3c9ff1c7}.Debug|Any CPU.Build.0 = Debug|Any CPU
		{9c9101b0-a318-2cd4-2f2b-cccdb9c9bb1a}.Debug|Any CPU.ActiveCfg = Debug|Any CPU
		{9c9101b0-a318-2cd4-2f2b-cccdb9c9bb1a}.Debug|Any CPU.Build.0 = Debug|Any CPU
		{a1c8fae1-1607-27f5-fbeb-c21b2d539325}.Debug|Any CPU.ActiveCfg = Debug|Any CPU
		{a1c8fae1-1607-27f5-fbeb-c21b2d539325}.Debug|Any CPU.Build.0 = Debug|Any CPU
		{0a1d5738-82a1-df86-934a-9671335bfabb}.Debug|Any CPU.ActiveCfg = Debug|Any CPU
		{0a1d5738-82a1-df86-934a-9671335bfabb}.Debug|Any CPU.Build.0 = Debug|Any CPU
		{eb25ab37-6911-42a7-4b23-6b8b82d227f1}.Debug|Any CPU.ActiveCfg = Debug|Any CPU
		{eb25ab37-6911-42a7-4b23-6b8b82d227f1}.Debug|Any CPU.Build.0 = Debug|Any CPU
		{a82ee07d-110a-02b9-28c3-f71e7a0d8027}.Debug|Any CPU.ActiveCfg = Debug|Any CPU
		{a82ee07d-110a-02b9-28c3-f71e7a0d8027}.Debug|Any CPU.Build.0 = Debug|Any CPU
		{47d5a6b2-39cc-9720-0f40-f14d09731d0c}.Debug|Any CPU.ActiveCfg = Debug|Any CPU
		{47d5a6b2-39cc-9720-0f40-f14d09731d0c}.Debug|Any CPU.Build.0 = Debug|Any CPU
		{087e30bd-11dd-a834-a10d-dd4d41e901f8}.Debug|Any CPU.ActiveCfg = Debug|Any CPU
		{087e30bd-11dd-a834-a10d-dd4d41e901f8}.Debug|Any CPU.Build.0 = Debug|Any CPU
		{059aa0af-7a71-a1db-638e-3ba4dd51d690}.Debug|Any CPU.ActiveCfg = Debug|Any CPU
		{059aa0af-7a71-a1db-638e-3ba4dd51d690}.Debug|Any CPU.Build.0 = Debug|Any CPU
		{5cf1b7dc-ca99-3d14-93d1-fef05909d7c3}.Debug|Any CPU.ActiveCfg = Debug|Any CPU
		{5cf1b7dc-ca99-3d14-93d1-fef05909d7c3}.Debug|Any CPU.Build.0 = Debug|Any CPU
		{b535656d-b619-5d7a-9b75-e792a5833139}.Debug|Any CPU.ActiveCfg = Debug|Any CPU
		{b535656d-b619-5d7a-9b75-e792a5833139}.Debug|Any CPU.Build.0 = Debug|Any CPU
		{172e4a9b-7583-ba52-6dc5-fdd96950cecf}.Debug|Any CPU.ActiveCfg = Debug|Any CPU
		{172e4a9b-7583-ba52-6dc5-fdd96950cecf}.Debug|Any CPU.Build.0 = Debug|Any CPU
		{ba1b9623-cdec-1672-9ce5-8764d510268d}.Debug|Any CPU.ActiveCfg = Debug|Any CPU
		{ba1b9623-cdec-1672-9ce5-8764d510268d}.Debug|Any CPU.Build.0 = Debug|Any CPU
		{ded55dc6-ae16-d7b4-8880-639e4d0c5bf6}.Debug|Any CPU.ActiveCfg = Debug|Any CPU
		{ded55dc6-ae16-d7b4-8880-639e4d0c5bf6}.Debug|Any CPU.Build.0 = Debug|Any CPU
		{b15f5e33-bf6e-3e8f-3dab-17e19385718e}.Debug|Any CPU.ActiveCfg = Debug|Any CPU
		{b15f5e33-bf6e-3e8f-3dab-17e19385718e}.Debug|Any CPU.Build.0 = Debug|Any CPU
		{cfa72792-7485-5e8f-0212-91e660cf375a}.Debug|Any CPU.ActiveCfg = Debug|Any CPU
		{cfa72792-7485-5e8f-0212-91e660cf375a}.Debug|Any CPU.Build.0 = Debug|Any CPU
		{ba5c6a4a-d3d8-87ec-8e05-205f50874b70}.Debug|Any CPU.ActiveCfg = Debug|Any CPU
		{ba5c6a4a-d3d8-87ec-8e05-205f50874b70}.Debug|Any CPU.Build.0 = Debug|Any CPU
		{94913a66-63cb-6103-c2bb-f7606dfce622}.Debug|Any CPU.ActiveCfg = Debug|Any CPU
		{94913a66-63cb-6103-c2bb-f7606dfce622}.Debug|Any CPU.Build.0 = Debug|Any CPU
		{63435cdb-25f2-f163-ac24-afe39744e132}.Debug|Any CPU.ActiveCfg = Debug|Any CPU
		{63435cdb-25f2-f163-ac24-afe39744e132}.Debug|Any CPU.Build.0 = Debug|Any CPU
		{c87ee7d8-4359-debc-867f-1e0b6703df4c}.Debug|Any CPU.ActiveCfg = Debug|Any CPU
		{c87ee7d8-4359-debc-867f-1e0b6703df4c}.Debug|Any CPU.Build.0 = Debug|Any CPU
		{7270a658-54bb-85ea-915c-859ac7d0061c}.Debug|Any CPU.ActiveCfg = Debug|Any CPU
		{7270a658-54bb-85ea-915c-859ac7d0061c}.Debug|Any CPU.Build.0 = Debug|Any CPU
		{874d7124-d1c4-c8c7-dfb5-d299784d7fc0}.Debug|Any CPU.ActiveCfg = Debug|Any CPU
		{874d7124-d1c4-c8c7-dfb5-d299784d7fc0}.Debug|Any CPU.Build.0 = Debug|Any CPU
		{38433bd2-5116-af6f-ffc3-d733c44a8df5}.Debug|Any CPU.ActiveCfg = Debug|Any CPU
		{38433bd2-5116-af6f-ffc3-d733c44a8df5}.Debug|Any CPU.Build.0 = Debug|Any CPU
		{a2fd3e4a-5cbe-6ab7-4dd0-41109546bd46}.Debug|Any CPU.ActiveCfg = Debug|Any CPU
		{a2fd3e4a-5cbe-6ab7-4dd0-41109546bd46}.Debug|Any CPU.Build.0 = Debug|Any CPU
	EndGlobalSection
	GlobalSection(SolutionProperties) = preSolution
		HideSolutionNode = FALSE
	EndGlobalSection
EndGlobal
